PODS:
  - Bugsnag (5.22.1)
  - KSCrash (1.15.19):
    - KSCrash/Installations (= 1.15.19)
  - KSCrash/Installations (1.15.19):
    - KSCrash/Recording
    - KSCrash/Reporting
  - KSCrash/Recording (1.15.19):
    - KSCrash/Recording/Tools (= 1.15.19)
  - KSCrash/Recording/Tools (1.15.19)
  - KSCrash/Reporting (1.15.19):
    - KSCrash/Recording
    - KSCrash/Reporting/Filters (= 1.15.19)
    - KSCrash/Reporting/MessageUI (= 1.15.19)
    - KSCrash/Reporting/Sinks (= 1.15.19)
    - KSCrash/Reporting/Tools (= 1.15.19)
  - KSCrash/Reporting/Filters (1.15.19):
    - KSCrash/Recording
    - KSCrash/Reporting/Filters/Alert (= 1.15.19)
    - KSCrash/Reporting/Filters/AppleFmt (= 1.15.19)
    - KSCrash/Reporting/Filters/Base (= 1.15.19)
    - KSCrash/Reporting/Filters/Basic (= 1.15.19)
    - KSCrash/Reporting/Filters/GZip (= 1.15.19)
    - KSCrash/Reporting/Filters/JSON (= 1.15.19)
    - KSCrash/Reporting/Filters/Sets (= 1.15.19)
    - KSCrash/Reporting/Filters/Stringify (= 1.15.19)
    - KSCrash/Reporting/Filters/Tools (= 1.15.19)
  - KSCrash/Reporting/Filters/Alert (1.15.19):
    - KSCrash/Recording
    - KSCrash/Reporting/Filters/Base
  - KSCrash/Reporting/Filters/AppleFmt (1.15.19):
    - KSCrash/Recording
    - KSCrash/Reporting/Filters/Base
  - KSCrash/Reporting/Filters/Base (1.15.19):
    - KSCrash/Recording
  - KSCrash/Reporting/Filters/Basic (1.15.19):
    - KSCrash/Recording
    - KSCrash/Reporting/Filters/Base
  - KSCrash/Reporting/Filters/GZip (1.15.19):
    - KSCrash/Recording
    - KSCrash/Reporting/Filters/Base
  - KSCrash/Reporting/Filters/JSON (1.15.19):
    - KSCrash/Recording
    - KSCrash/Reporting/Filters/Base
  - KSCrash/Reporting/Filters/Sets (1.15.19):
    - KSCrash/Recording
    - KSCrash/Reporting/Filters/AppleFmt
    - KSCrash/Reporting/Filters/Base
    - KSCrash/Reporting/Filters/Basic
    - KSCrash/Reporting/Filters/GZip
    - KSCrash/Reporting/Filters/JSON
    - KSCrash/Reporting/Filters/Stringify
  - KSCrash/Reporting/Filters/Stringify (1.15.19):
    - KSCrash/Recording
    - KSCrash/Reporting/Filters/Base
  - KSCrash/Reporting/Filters/Tools (1.15.19):
    - KSCrash/Recording
  - KSCrash/Reporting/MessageUI (1.15.19):
    - KSCrash/Recording
  - KSCrash/Reporting/Sinks (1.15.19):
    - KSCrash/Recording
    - KSCrash/Reporting/Filters
    - KSCrash/Reporting/Tools
  - KSCrash/Reporting/Tools (1.15.19):
    - KSCrash/Recording
  - OpenSSL-Universal (1.0.1.20)
  - PoyntLib (1.0.0):
    - OpenSSL-Universal (~> 1.0.1.20)

DEPENDENCIES:
  - Bugsnag
  - KSCrash
  - OpenSSL-Universal
  - PoyntLib (from `../../PoyntLib.podspec`)

SPEC REPOS:
  https://github.com/cocoapods/specs.git:
    - Bugsnag
    - KSCrash
    - OpenSSL-Universal

EXTERNAL SOURCES:
  PoyntLib:
    :path: "../../PoyntLib.podspec"

SPEC CHECKSUMS:
  Bugsnag: 699634c49b03f3fdf04a8ad6ab6470e9bcc3834b
  KSCrash: 49855f7867f7d456905c241640a203f53588497d
  OpenSSL-Universal: 71f2c4b2ae758e2218090f905e95ca0ac5c01be7
  PoyntLib: 606da1c4c3ffa79fe30b9e76aae431ec4ad8ac68

PODFILE CHECKSUM: 7a94ce6c40881c3c34cad716151c6f4ff5c8195e

COCOAPODS: 1.6.2
